
Microsoft Visual Studio Solution File, Format Version 12.00
# Visual Studio 2013
VisualStudioVersion = 12.0.31101.0
MinimumVisualStudioVersion = 10.0.40219.1
Project("{FAE04EC0-301F-11D3-BF4B-00C04F79EFBC}") = "FarmMachine.MonitorStrategy", "FarmMachine.MonitorStrategy\FarmMachine.MonitorStrategy.csproj", "{46B6F1B8-326B-4632-956A-2BF1752AF3A9}"
EndProject
Project("{FAE04EC0-301F-11D3-BF4B-00C04F79EFBC}") = "FarmMachine.Logic", "FarmMachine.Logic\FarmMachine.Logic.csproj", "{D954D9AB-E044-4E25-800D-583A68F0E8ED}"
EndProject
Project("{FAE04EC0-301F-11D3-BF4B-00C04F79EFBC}") = "FarmMachine.Domain", "FarmMachine.Domain\FarmMachine.Domain.csproj", "{6FC1651C-76E2-4094-B9AE-07A789D697D4}"
EndProject
Project("{FAE04EC0-301F-11D3-BF4B-00C04F79EFBC}") = "FarmMachine.ExchangeBroker", "FarmMachine.ExchangeBroker\FarmMachine.ExchangeBroker.csproj", "{C9BF1755-7848-417B-9B86-C77748A07E4C}"
EndProject
Project("{FAE04EC0-301F-11D3-BF4B-00C04F79EFBC}") = "FarmMachine.Launcher", "FarmMachine.Launcher\FarmMachine.Launcher.csproj", "{954439EB-1304-4501-AD21-194BFC0A13DD}"
EndProject
Global
	GlobalSection(SolutionConfigurationPlatforms) = preSolution
		Debug|x64 = Debug|x64
		Debug|x86 = Debug|x86
		Release|x64 = Release|x64
		Release|x86 = Release|x86
	EndGlobalSection
	GlobalSection(ProjectConfigurationPlatforms) = postSolution
		{46B6F1B8-326B-4632-956A-2BF1752AF3A9}.Debug|x64.ActiveCfg = Debug|x64
		{46B6F1B8-326B-4632-956A-2BF1752AF3A9}.Debug|x64.Build.0 = Debug|x64
		{46B6F1B8-326B-4632-956A-2BF1752AF3A9}.Debug|x86.ActiveCfg = Debug|x86
		{46B6F1B8-326B-4632-956A-2BF1752AF3A9}.Debug|x86.Build.0 = Debug|x86
		{46B6F1B8-326B-4632-956A-2BF1752AF3A9}.Release|x64.ActiveCfg = Release|Any CPU
		{46B6F1B8-326B-4632-956A-2BF1752AF3A9}.Release|x64.Build.0 = Release|Any CPU
		{46B6F1B8-326B-4632-956A-2BF1752AF3A9}.Release|x86.ActiveCfg = Release|Any CPU
		{46B6F1B8-326B-4632-956A-2BF1752AF3A9}.Release|x86.Build.0 = Release|Any CPU
		{D954D9AB-E044-4E25-800D-583A68F0E8ED}.Debug|x64.ActiveCfg = Debug|Any CPU
		{D954D9AB-E044-4E25-800D-583A68F0E8ED}.Debug|x64.Build.0 = Debug|Any CPU
		{D954D9AB-E044-4E25-800D-583A68F0E8ED}.Debug|x86.ActiveCfg = Debug|Any CPU
		{D954D9AB-E044-4E25-800D-583A68F0E8ED}.Debug|x86.Build.0 = Debug|Any CPU
		{D954D9AB-E044-4E25-800D-583A68F0E8ED}.Release|x64.ActiveCfg = Release|Any CPU
		{D954D9AB-E044-4E25-800D-583A68F0E8ED}.Release|x64.Build.0 = Release|Any CPU
		{D954D9AB-E044-4E25-800D-583A68F0E8ED}.Release|x86.ActiveCfg = Release|Any CPU
		{D954D9AB-E044-4E25-800D-583A68F0E8ED}.Release|x86.Build.0 = Release|Any CPU
		{6FC1651C-76E2-4094-B9AE-07A789D697D4}.Debug|x64.ActiveCfg = Debug|Any CPU
		{6FC1651C-76E2-4094-B9AE-07A789D697D4}.Debug|x64.Build.0 = Debug|Any CPU
		{6FC1651C-76E2-4094-B9AE-07A789D697D4}.Debug|x86.ActiveCfg = Debug|Any CPU
		{6FC1651C-76E2-4094-B9AE-07A789D697D4}.Debug|x86.Build.0 = Debug|Any CPU
		{6FC1651C-76E2-4094-B9AE-07A789D697D4}.Release|x64.ActiveCfg = Release|Any CPU
		{6FC1651C-76E2-4094-B9AE-07A789D697D4}.Release|x64.Build.0 = Release|Any CPU
		{6FC1651C-76E2-4094-B9AE-07A789D697D4}.Release|x86.ActiveCfg = Release|Any CPU
		{6FC1651C-76E2-4094-B9AE-07A789D697D4}.Release|x86.Build.0 = Release|Any CPU
		{C9BF1755-7848-417B-9B86-C77748A07E4C}.Debug|x64.ActiveCfg = Debug|Any CPU
		{C9BF1755-7848-417B-9B86-C77748A07E4C}.Debug|x64.Build.0 = Debug|Any CPU
		{C9BF1755-7848-417B-9B86-C77748A07E4C}.Debug|x86.ActiveCfg = Debug|Any CPU
		{C9BF1755-7848-417B-9B86-C77748A07E4C}.Debug|x86.Build.0 = Debug|Any CPU
		{C9BF1755-7848-417B-9B86-C77748A07E4C}.Release|x64.ActiveCfg = Release|Any CPU
		{C9BF1755-7848-417B-9B86-C77748A07E4C}.Release|x64.Build.0 = Release|Any CPU
		{C9BF1755-7848-417B-9B86-C77748A07E4C}.Release|x86.ActiveCfg = Release|Any CPU
		{C9BF1755-7848-417B-9B86-C77748A07E4C}.Release|x86.Build.0 = Release|Any CPU
		{954439EB-1304-4501-AD21-194BFC0A13DD}.Debug|x64.ActiveCfg = Debug|Any CPU
		{954439EB-1304-4501-AD21-194BFC0A13DD}.Debug|x64.Build.0 = Debug|Any CPU
		{954439EB-1304-4501-AD21-194BFC0A13DD}.Debug|x86.ActiveCfg = Debug|Any CPU
		{954439EB-1304-4501-AD21-194BFC0A13DD}.Debug|x86.Build.0 = Debug|Any CPU
		{954439EB-1304-4501-AD21-194BFC0A13DD}.Release|x64.ActiveCfg = Release|Any CPU
		{954439EB-1304-4501-AD21-194BFC0A13DD}.Release|x64.Build.0 = Release|Any CPU
		{954439EB-1304-4501-AD21-194BFC0A13DD}.Release|x86.ActiveCfg = Release|Any CPU
		{954439EB-1304-4501-AD21-194BFC0A13DD}.Release|x86.Build.0 = Release|Any CPU
	EndGlobalSection
	GlobalSection(SolutionProperties) = preSolution
		HideSolutionNode = FALSE
	EndGlobalSection
EndGlobal
